
Microsoft Visual Studio Solution File, Format Version 12.00
# Visual Studio Version 17
VisualStudioVersion = 17.7.34003.232
MinimumVisualStudioVersion = 10.0.40219.1
Project("{FAE04EC0-301F-11D3-BF4B-00C04F79EFBC}") = "Casper Quadcopter Controller", "Casper Quadcopter Controller.csproj", "{B6612FAF-042D-43D4-8FD6-792EF5F268C2}"
EndProject
Global
	GlobalSection(SolutionConfigurationPlatforms) = preSolution
		Debug|Any CPU = Debug|Any CPU
		Release|Any CPU = Release|Any CPU
	EndGlobalSection
	GlobalSection(ProjectConfigurationPlatforms) = postSolution
		{B6612FAF-042D-43D4-8FD6-792EF5F268C2}.Debug|Any CPU.ActiveCfg = Debug|Any CPU
		{B6612FAF-042D-43D4-8FD6-792EF5F268C2}.Debug|Any CPU.Build.0 = Debug|Any CPU
		{B6612FAF-042D-43D4-8FD6-792EF5F268C2}.Debug|Any CPU.Deploy.0 = Debug|Any CPU
		{B6612FAF-042D-43D4-8FD6-792EF5F268C2}.Release|Any CPU.ActiveCfg = Release|Any CPU
		{B6612FAF-042D-43D4-8FD6-792EF5F268C2}.Release|Any CPU.Build.0 = Release|Any CPU
		{B6612FAF-042D-43D4-8FD6-792EF5F268C2}.Release|Any CPU.Deploy.0 = Release|Any CPU
	EndGlobalSection
	GlobalSection(SolutionProperties) = preSolution
		HideSolutionNode = FALSE
	EndGlobalSection
	GlobalSection(ExtensibilityGlobals) = postSolution
		SolutionGuid = {8626F3D0-E692-4A1F-9045-C9FF44DE0359}
	EndGlobalSection
EndGlobal
